Microsoft Visual Studio Solution File, Format Version 11.00
# Visual Studio 2008

Project("{016DFC42-58F9-14C1-DB53-1D5C546C25E5}") = "3D-Editor", "Assembly-CSharp.csproj", "{5C20AE69-8A6C-5B46-9001-AF63F4E62B92}"
EndProject
Project("{016DFC42-58F9-14C1-DB53-1D5C546C25E5}") = "3D-Editor", "Assembly-CSharp-Editor.csproj", "{D0D51458-2FCC-C8FF-0654-D3E777C7F325}"
EndProject
Project("{016DFC42-58F9-14C1-DB53-1D5C546C25E5}") = "3D-Editor", "Assembly-UnityScript.unityproj", "{544F1158-E2EF-5697-7AAC-114CE78625F1}"
EndProject
Global
	GlobalSection(SolutionConfigurationPlatforms) = preSolution
		Debug|Any CPU = Debug|Any CPU
		Release|Any CPU = Release|Any CPU
	EndGlobalSection
	GlobalSection(ProjectConfigurationPlatforms) = postSolution
		{5C20AE69-8A6C-5B46-9001-AF63F4E62B92}.Debug|Any CPU.ActiveCfg = Debug|Any CPU
		{5C20AE69-8A6C-5B46-9001-AF63F4E62B92}.Debug|Any CPU.Build.0 = Debug|Any CPU
		{5C20AE69-8A6C-5B46-9001-AF63F4E62B92}.Release|Any CPU.ActiveCfg = Release|Any CPU
		{5C20AE69-8A6C-5B46-9001-AF63F4E62B92}.Release|Any CPU.Build.0 = Release|Any CPU
		{D0D51458-2FCC-C8FF-0654-D3E777C7F325}.Debug|Any CPU.ActiveCfg = Debug|Any CPU
		{D0D51458-2FCC-C8FF-0654-D3E777C7F325}.Debug|Any CPU.Build.0 = Debug|Any CPU
		{D0D51458-2FCC-C8FF-0654-D3E777C7F325}.Release|Any CPU.ActiveCfg = Release|Any CPU
		{D0D51458-2FCC-C8FF-0654-D3E777C7F325}.Release|Any CPU.Build.0 = Release|Any CPU
		{544F1158-E2EF-5697-7AAC-114CE78625F1}.Debug|Any CPU.ActiveCfg = Debug|Any CPU
		{544F1158-E2EF-5697-7AAC-114CE78625F1}.Debug|Any CPU.Build.0 = Debug|Any CPU
		{544F1158-E2EF-5697-7AAC-114CE78625F1}.Release|Any CPU.ActiveCfg = Release|Any CPU
		{544F1158-E2EF-5697-7AAC-114CE78625F1}.Release|Any CPU.Build.0 = Release|Any CPU
	EndGlobalSection
	GlobalSection(SolutionProperties) = preSolution
		HideSolutionNode = FALSE
	EndGlobalSection
	GlobalSection(MonoDevelopProperties) = preSolution
		StartupItem = Assembly-CSharp.csproj
	EndGlobalSection
EndGlobal
